
Microsoft Visual Studio Solution File, Format Version 12.00
# Visual Studio Version 17
VisualStudioVersion = 17.2.32616.157
MinimumVisualStudioVersion = 10.0.40219.1
Project("{FAE04EC0-301F-11D3-BF4B-00C04F79EFBC}") = "nunit-web-example", "nunit-web-example.csproj", "{E9D99448-5FB7-4FEF-9DC6-F86F69FAD261}"
EndProject
Global
	GlobalSection(SolutionConfigurationPlatforms) = preSolution
		Debug|Any CPU = Debug|Any CPU
		Release|Any CPU = Release|Any CPU
	EndGlobalSection
	GlobalSection(ProjectConfigurationPlatforms) = postSolution
		{E9D99448-5FB7-4FEF-9DC6-F86F69FAD261}.Debug|Any CPU.ActiveCfg = Debug|Any CPU
		{E9D99448-5FB7-4FEF-9DC6-F86F69FAD261}.Debug|Any CPU.Build.0 = Debug|Any CPU
		{E9D99448-5FB7-4FEF-9DC6-F86F69FAD261}.Release|Any CPU.ActiveCfg = Release|Any CPU
		{E9D99448-5FB7-4FEF-9DC6-F86F69FAD261}.Release|Any CPU.Build.0 = Release|Any CPU
	EndGlobalSection
	GlobalSection(SolutionProperties) = preSolution
		HideSolutionNode = FALSE
	EndGlobalSection
	GlobalSection(ExtensibilityGlobals) = postSolution
		SolutionGuid = {8FD88FA4-08D2-4BD8-9519-EB1853346E56}
	EndGlobalSection
EndGlobal
